PODS:
  - Flutter (1.0.0)
  - flutter_taobao (0.0.1):
    - Flutter

DEPENDENCIES:
  - Flutter (from `.symlinks/flutter/ios`)
  - flutter_taobao (from `.symlinks/plugins/flutter_taobao/ios`)

EXTERNAL SOURCES:
  Flutter:
    :path: ".symlinks/flutter/ios"
  flutter_taobao:
    :path: ".symlinks/plugins/flutter_taobao/ios"

SPEC CHECKSUMS:
  Flutter: 58dd7d1b27887414a370fcccb9e645c08ffd7a6a
  flutter_taobao: 3020929a8664390b8ef9c476694525308bde24cd

PODFILE CHECKSUM: aff02bfeed411c636180d6812254b2daeea14d09

COCOAPODS: 1.6.0
